// !$*UTF8*$!
{
	archiveVersion = 1;
	classes = {
	};
	objectVersion = 50;
	objects = {

/* Begin PBXBuildFile section */
		E129A665264EB4130035A99B /* UserInfoPresenter.swift in Sources */ = {isa = PBXBuildFile; fileRef = E129A664264EB4130035A99B /* UserInfoPresenter.swift */; };
		E146CC2D264D887400C3FA51 /* ConnectionMonitor.swift in Sources */ = {isa = PBXBuildFile; fileRef = E146CC2C264D887400C3FA51 /* ConnectionMonitor.swift */; };
		E146CC2F264D8FEC00C3FA51 /* Reachability.framework in Frameworks */ = {isa = PBXBuildFile; fileRef = E146CC2E264D8FEC00C3FA51 /* Reachability.framework */; };
		E146CC30264D8FEC00C3FA51 /* Reachability.framework in Embed Frameworks */ = {isa = PBXBuildFile; fileRef = E146CC2E264D8FEC00C3FA51 /* Reachability.framework */; settings = {ATTRIBUTES = (CodeSignOnCopy, RemoveHeadersOnCopy, ); }; };
		E146CC32264D901F00C3FA51 /* SkeletonView.framework in Frameworks */ = {isa = PBXBuildFile; fileRef = E1510C83264CF45100E59C35 /* SkeletonView.framework */; };
		E146CC33264D901F00C3FA51 /* SkeletonView.framework in Embed Frameworks */ = {isa = PBXBuildFile; fileRef = E1510C83264CF45100E59C35 /* SkeletonView.framework */; settings = {ATTRIBUTES = (CodeSignOnCopy, RemoveHeadersOnCopy, ); }; };
		E146CC36264D937600C3FA51 /* ExternalAccessory.framework in Frameworks */ = {isa = PBXBuildFile; fileRef = E146CC35264D937600C3FA51 /* ExternalAccessory.framework */; };
		E146CC38264DD4B100C3FA51 /* ScheduledTask.swift in Sources */ = {isa = PBXBuildFile; fileRef = E146CC37264DD4B000C3FA51 /* ScheduledTask.swift */; };
		E1510C60264BFAD300E59C35 /* GithubApiMock.swift in Sources */ = {isa = PBXBuildFile; fileRef = E189A184264AE7A000CBD45A /* GithubApiMock.swift */; };
		E1510C61264BFAD700E59C35 /* fakeuserslist.json in Resources */ = {isa = PBXBuildFile; fileRef = E189A182264AE77800CBD45A /* fakeuserslist.json */; };
		E1510C66264C10A600E59C35 /* FFBadgedBarButtonItem.m in Sources */ = {isa = PBXBuildFile; fileRef = E1510C65264C10A600E59C35 /* FFBadgedBarButtonItem.m */; };
		E1510C69264C428B00E59C35 /* UIImageExtensions.swift in Sources */ = {isa = PBXBuildFile; fileRef = E1510C68264C428B00E59C35 /* UIImageExtensions.swift */; };
		E1510C6B264C459200E59C35 /* InvertedUserTableViewCell.swift in Sources */ = {isa = PBXBuildFile; fileRef = E1510C6A264C459200E59C35 /* InvertedUserTableViewCell.swift */; };
		E1510C6D264C462200E59C35 /* UIViewExtensions.swift in Sources */ = {isa = PBXBuildFile; fileRef = E1510C6C264C462200E59C35 /* UIViewExtensions.swift */; };
		E1510C6F264C478100E59C35 /* UserTableViewCell.swift in Sources */ = {isa = PBXBuildFile; fileRef = E1510C6E264C478100E59C35 /* UserTableViewCell.swift */; };
		E1510C71264C4A9800E59C35 /* UserTableViewCellBase.swift in Sources */ = {isa = PBXBuildFile; fileRef = E1510C70264C4A9800E59C35 /* UserTableViewCellBase.swift */; };
		E1510C75264C4D7A00E59C35 /* UserListTableViewCellDelegate.swift in Sources */ = {isa = PBXBuildFile; fileRef = E1510C74264C4D7A00E59C35 /* UserListTableViewCellDelegate.swift */; };
		E1510C7A264C6A1000E59C35 /* StubUserTableViewCell.swift in Sources */ = {isa = PBXBuildFile; fileRef = E1510C79264C6A0F00E59C35 /* StubUserTableViewCell.swift */; };
		E1510C7C264C6A7A00E59C35 /* NoteUserTableViewCell copy.swift in Sources */ = {isa = PBXBuildFile; fileRef = E1510C7B264C6A7A00E59C35 /* NoteUserTableViewCell copy.swift */; };
		E1510C80264C9B9300E59C35 /* AdminUserTableViewCell.swift in Sources */ = {isa = PBXBuildFile; fileRef = E1510C7F264C9B9200E59C35 /* AdminUserTableViewCell.swift */; };
		E160EBBD264A6D44002820EC /* AppDelegate.swift in Sources */ = {isa = PBXBuildFile; fileRef = E160EBBC264A6D44002820EC /* AppDelegate.swift */; };
		E160EBBF264A6D44002820EC /* SceneDelegate.swift in Sources */ = {isa = PBXBuildFile; fileRef = E160EBBE264A6D44002820EC /* SceneDelegate.swift */; };
		E160EBC1264A6D44002820EC /* UsersViewController.swift in Sources */ = {isa = PBXBuildFile; fileRef = E160EBC0264A6D44002820EC /* UsersViewController.swift */; };
		E160EBC4264A6D44002820EC /* Main.storyboard in Resources */ = {isa = PBXBuildFile; fileRef = E160EBC2264A6D44002820EC /* Main.storyboard */; };
		E160EBC7264A6D44002820EC /* RAFGithubUsersApp.xcdatamodeld in Sources */ = {isa = PBXBuildFile; fileRef = E160EBC5264A6D44002820EC /* RAFGithubUsersApp.xcdatamodeld */; };
		E160EBC9264A6D46002820EC /* Assets.xcassets in Resources */ = {isa = PBXBuildFile; fileRef = E160EBC8264A6D46002820EC /* Assets.xcassets */; };
		E160EBCC264A6D46002820EC /* LaunchScreen.storyboard in Resources */ = {isa = PBXBuildFile; fileRef = E160EBCA264A6D46002820EC /* LaunchScreen.storyboard */; };
		E160EBD7264A6D47002820EC /* RAFGithubUsersAppTests.swift in Sources */ = {isa = PBXBuildFile; fileRef = E160EBD6264A6D47002820EC /* RAFGithubUsersAppTests.swift */; };
		E160EBE3264A7686002820EC /* ViewControllersFactory.swift in Sources */ = {isa = PBXBuildFile; fileRef = E160EBE2264A7592002820EC /* ViewControllersFactory.swift */; };
		E160EBE5264A76FF002820EC /* ProfileViewController.swift in Sources */ = {isa = PBXBuildFile; fileRef = E160EBE4264A76FF002820EC /* ProfileViewController.swift */; };
		E1880BE5264E8BEA0026D6DC /* ViewModelDelegate.swift in Sources */ = {isa = PBXBuildFile; fileRef = E1880BE4264E8BEA0026D6DC /* ViewModelDelegate.swift */; };
		E189A157264ACC6600CBD45A /* RAFGithubUsersApp.xcdatamodeld in Sources */ = {isa = PBXBuildFile; fileRef = E160EBC5264A6D44002820EC /* RAFGithubUsersApp.xcdatamodeld */; };
		E189A165264AD86600CBD45A /* AppConfig.plist in Resources */ = {isa = PBXBuildFile; fileRef = E189A15F264AD5CF00CBD45A /* AppConfig.plist */; };
		E189A166264AD86600CBD45A /* AppConfig.swift in Sources */ = {isa = PBXBuildFile; fileRef = E189A160264AD6CD00CBD45A /* AppConfig.swift */; };
		E189A16D264ADD3000CBD45A /* Api.swift in Sources */ = {isa = PBXBuildFile; fileRef = E189A16C264ADD3000CBD45A /* Api.swift */; };
		E189A17A264AE08300CBD45A /* GithubUsersApi.swift in Sources */ = {isa = PBXBuildFile; fileRef = E189A179264AE08300CBD45A /* GithubUsersApi.swift */; };
		E189A17D264AE0D400CBD45A /* GithubUser.swift in Sources */ = {isa = PBXBuildFile; fileRef = E189A17C264AE0D400CBD45A /* GithubUser.swift */; };
		E189A180264AE3FD00CBD45A /* AppError.swift in Sources */ = {isa = PBXBuildFile; fileRef = E189A17F264AE35000CBD45A /* AppError.swift */; };
		E1A5B352265454680069655B /* UIAlertMessageDisplay.swift in Sources */ = {isa = PBXBuildFile; fileRef = E1A5B351265454680069655B /* UIAlertMessageDisplay.swift */; };
		E1D04A78264BAF1900C4E5FD /* UserDataModelTest.swift in Sources */ = {isa = PBXBuildFile; fileRef = E189A155264ACC2A00CBD45A /* UserDataModelTest.swift */; };
		E1D04A79264BAF1900C4E5FD /* UserInfoDataModelTest.swift in Sources */ = {isa = PBXBuildFile; fileRef = E1FA390F264BA90C001EFA5C /* UserInfoDataModelTest.swift */; };
		E1D04A7A264BAF1900C4E5FD /* AppConfigHelperTests.swift in Sources */ = {isa = PBXBuildFile; fileRef = E189A161264AD85B00CBD45A /* AppConfigHelperTests.swift */; };
		E1D04A7B264BAF1900C4E5FD /* MockApiTests.swift in Sources */ = {isa = PBXBuildFile; fileRef = E189A186264AE9AC00CBD45A /* MockApiTests.swift */; };
		E1D04A7E264BB58300C4E5FD /* NormalUserTableViewCell.swift in Sources */ = {isa = PBXBuildFile; fileRef = E1D04A7D264BB57F00C4E5FD /* NormalUserTableViewCell.swift */; };
		E1D04A80264BB5CF00C4E5FD /* UIHelper.swift in Sources */ = {isa = PBXBuildFile; fileRef = E1D04A7F264BB5CF00C4E5FD /* UIHelper.swift */; };
		E1E141482651AD3300C282FE /* User+CoreDataClass.swift in Sources */ = {isa = PBXBuildFile; fileRef = E1E141472651AD3200C282FE /* User+CoreDataClass.swift */; };
		E1E1414A265443EE00C282FE /* NormalUserTableViewCell copy.swift in Sources */ = {isa = PBXBuildFile; fileRef = E1E14149265443EC00C282FE /* NormalUserTableViewCell copy.swift */; };
		E1E1414C26544A8400C282FE /* DebugUtils.swift in Sources */ = {isa = PBXBuildFile; fileRef = E1E1414B26544A8300C282FE /* DebugUtils.swift */; };
		E1F129B0265029D600EF34F8 /* CoreDataService.swift in Sources */ = {isa = PBXBuildFile; fileRef = E1F129AF265029D500EF34F8 /* CoreDataService.swift */; };
		E1F129B326503B8100EF34F8 /* UsersProvider.swift in Sources */ = {isa = PBXBuildFile; fileRef = E1F129B226503B0600EF34F8 /* UsersProvider.swift */; };
		E1F2C142264D826200041F03 /* Toast.swift in Sources */ = {isa = PBXBuildFile; fileRef = E1F2C141264D826200041F03 /* Toast.swift */; };
		E1F4479726505C680073B193 /* SKSplashIcon.m in Sources */ = {isa = PBXBuildFile; fileRef = E1F4479426505C680073B193 /* SKSplashIcon.m */; };
		E1F4479826505C680073B193 /* SKSplashView.m in Sources */ = {isa = PBXBuildFile; fileRef = E1F4479626505C680073B193 /* SKSplashView.m */; };
		E1F447BC26511B560073B193 /* UserInfoProvider.swift in Sources */ = {isa = PBXBuildFile; fileRef = E1F447BB26511B560073B193 /* UserInfoProvider.swift */; };
		E1F447C026511E790073B193 /* UserInfo+CoreDataProperties.swift in Sources */ = {isa = PBXBuildFile; fileRef = E1F447BE26511E790073B193 /* UserInfo+CoreDataProperties.swift */; };
		E1F6E025264D08E800A023A8 /* ShimmerUserTableViewCell.swift in Sources */ = {isa = PBXBuildFile; fileRef = E1F6E024264D08E800A023A8 /* ShimmerUserTableViewCell.swift */; };
		E1F6E027264D648700A023A8 /* fakeuserslist.json in Resources */ = {isa = PBXBuildFile; fileRef = E189A182264AE77800CBD45A /* fakeuserslist.json */; };
		E1F6E029264D765000A023A8 /* ProfileViewModel.swift in Sources */ = {isa = PBXBuildFile; fileRef = E1F6E028264D764F00A023A8 /* ProfileViewModel.swift */; };
		E1FA38F0264B07D1001EFA5C /* UsersViewModel.swift in Sources */ = {isa = PBXBuildFile; fileRef = E189A18C264AF8F900CBD45A /* UsersViewModel.swift */; };
		E1FA38F1264B07D7001EFA5C /* ImageStore.swift in Sources */ = {isa = PBXBuildFile; fileRef = E189A18E264AF96300CBD45A /* ImageStore.swift */; };
		E1FA38F2264B083A001EFA5C /* UserPresenter.swift in Sources */ = {isa = PBXBuildFile; fileRef = E1FA38EF264B05E4001EFA5C /* UserPresenter.swift */; };
		E1FA38F5264B086F001EFA5C /* StringExtensions.swift in Sources */ = {isa = PBXBuildFile; fileRef = E1FA38F4264B0867001EFA5C /* StringExtensions.swift */; };
		E1FA38F7264B0B9D001EFA5C /* ImageSource.swift in Sources */ = {isa = PBXBuildFile; fileRef = E1FA38F6264B0B9D001EFA5C /* ImageSource.swift */; };
		E1FA38FB264B1B4D001EFA5C /* GithubUserInfo.swift in Sources */ = {isa = PBXBuildFile; fileRef = E1FA38FA264B1B4D001EFA5C /* GithubUserInfo.swift */; };
		E1FA38FD264B1BB7001EFA5C /* JSONSchemaSupport.swift in Sources */ = {isa = PBXBuildFile; fileRef = E1FA38FC264B1BB7001EFA5C /* JSONSchemaSupport.swift */; };
		E1FA390C264BA390001EFA5C /* User+CoreDataProperties.swift in Sources */ = {isa = PBXBuildFile; fileRef = E1FA3909264BA390001EFA5C /* User+CoreDataProperties.swift */; };
		E1FA390D264BA390001EFA5C /* UserInfo+CoreDataClass.swift in Sources */ = {isa = PBXBuildFile; fileRef = E1FA390A264BA390001EFA5C /* UserInfo+CoreDataClass.swift */; };
/* End PBXBuildFile section */

/* Begin PBXContainerItemProxy section */
		E160EBD3264A6D47002820EC /* PBXContainerItemProxy */ = {
			isa = PBXContainerItemProxy;
			containerPortal = E160EBB1264A6D44002820EC /* Project object */;
			proxyType = 1;
			remoteGlobalIDString = E160EBB8264A6D44002820EC;
			remoteInfo = RAFGithubUsersApp;
		};
/* End PBXContainerItemProxy section */

/* Begin PBXCopyFilesBuildPhase section */
		E146CC31264D8FED00C3FA51 /* Embed Frameworks */ = {
			isa = PBXCopyFilesBuildPhase;
			buildActionMask = 2147483647;
			dstPath = "";
			dstSubfolderSpec = 10;
			files = (
				E146CC33264D901F00C3FA51 /* SkeletonView.framework in Embed Frameworks */,
				E146CC30264D8FEC00C3FA51 /* Reachability.framework in Embed Frameworks */,
			);
			name = "Embed Frameworks";
			runOnlyForDeploymentPostprocessing = 0;
		};
/* End PBXCopyFilesBuildPhase section */

/* Begin PBXFileReference section */
		E129A664264EB4130035A99B /* UserInfoPresenter.swift */ = {isa = PBXFileReference; lastKnownFileType = sourcecode.swift; path = UserInfoPresenter.swift; sourceTree = "<group>"; };
		E146CC2C264D887400C3FA51 /* ConnectionMonitor.swift */ = {isa = PBXFileReference; lastKnownFileType = sourcecode.swift; path = ConnectionMonitor.swift; sourceTree = "<group>"; };
		E146CC2E264D8FEC00C3FA51 /* Reachability.framework */ = {isa = PBXFileReference; lastKnownFileType = wrapper.framework; name = Reachability.framework; path = Carthage/Build/iOS/Reachability.framework; sourceTree = "<group>"; };
		E146CC34264D937600C3FA51 /* GithubApp.entitlements */ = {isa = PBXFileReference; lastKnownFileType = text.plist.entitlements; path = GithubApp.entitlements; sourceTree = "<group>"; };
		E146CC35264D937600C3FA51 /* ExternalAccessory.framework */ = {isa = PBXFileReference; lastKnownFileType = wrapper.framework; name = ExternalAccessory.framework; path = System/Library/Frameworks/ExternalAccessory.framework; sourceTree = SDKROOT; };
		E146CC37264DD4B000C3FA51 /* ScheduledTask.swift */ = {isa = PBXFileReference; lastKnownFileType = sourcecode.swift; path = ScheduledTask.swift; sourceTree = "<group>"; };
		E1510C64264C10A500E59C35 /* RAFGithubUsersApp-Bridging-Header.h */ = {isa = PBXFileReference; lastKnownFileType = sourcecode.c.h; path = "RAFGithubUsersApp-Bridging-Header.h"; sourceTree = "<group>"; };
		E1510C65264C10A600E59C35 /* FFBadgedBarButtonItem.m */ = {isa = PBXFileReference; fileEncoding = 4; lastKnownFileType = sourcecode.c.objc; path = FFBadgedBarButtonItem.m; sourceTree = "<group>"; };
		E1510C67264C10B000E59C35 /* FFBadgedBarButtonItem.h */ = {isa = PBXFileReference; lastKnownFileType = sourcecode.c.h; path = FFBadgedBarButtonItem.h; sourceTree = "<group>"; };
		E1510C68264C428B00E59C35 /* UIImageExtensions.swift */ = {isa = PBXFileReference; lastKnownFileType = sourcecode.swift; path = UIImageExtensions.swift; sourceTree = "<group>"; };
		E1510C6A264C459200E59C35 /* InvertedUserTableViewCell.swift */ = {isa = PBXFileReference; lastKnownFileType = sourcecode.swift; path = InvertedUserTableViewCell.swift; sourceTree = "<group>"; };
		E1510C6C264C462200E59C35 /* UIViewExtensions.swift */ = {isa = PBXFileReference; lastKnownFileType = sourcecode.swift; path = UIViewExtensions.swift; sourceTree = "<group>"; };
		E1510C6E264C478100E59C35 /* UserTableViewCell.swift */ = {isa = PBXFileReference; lastKnownFileType = sourcecode.swift; path = UserTableViewCell.swift; sourceTree = "<group>"; };
		E1510C70264C4A9800E59C35 /* UserTableViewCellBase.swift */ = {isa = PBXFileReference; lastKnownFileType = sourcecode.swift; path = UserTableViewCellBase.swift; sourceTree = "<group>"; };
		E1510C74264C4D7A00E59C35 /* UserListTableViewCellDelegate.swift */ = {isa = PBXFileReference; lastKnownFileType = sourcecode.swift; path = UserListTableViewCellDelegate.swift; sourceTree = "<group>"; };
		E1510C79264C6A0F00E59C35 /* StubUserTableViewCell.swift */ = {isa = PBXFileReference; lastKnownFileType = sourcecode.swift; path = StubUserTableViewCell.swift; sourceTree = "<group>"; };
		E1510C7B264C6A7A00E59C35 /* NoteUserTableViewCell copy.swift */ = {isa = PBXFileReference; lastKnownFileType = sourcecode.swift; path = "NoteUserTableViewCell copy.swift"; sourceTree = "<group>"; };
		E1510C7F264C9B9200E59C35 /* AdminUserTableViewCell.swift */ = {isa = PBXFileReference; lastKnownFileType = sourcecode.swift; path = AdminUserTableViewCell.swift; sourceTree = "<group>"; };
		E1510C83264CF45100E59C35 /* SkeletonView.framework */ = {isa = PBXFileReference; lastKnownFileType = wrapper.framework; name = SkeletonView.framework; path = Carthage/Build/iOS/SkeletonView.framework; sourceTree = "<group>"; };
		E160EBB9264A6D44002820EC /* GithubApp.app */ = {isa = PBXFileReference; explicitFileType = wrapper.application; includeInIndex = 0; path = GithubApp.app; sourceTree = BUILT_PRODUCTS_DIR; };
		E160EBBC264A6D44002820EC /* AppDelegate.swift */ = {isa = PBXFileReference; lastKnownFileType = sourcecode.swift; path = AppDelegate.swift; sourceTree = "<group>"; };
		E160EBBE264A6D44002820EC /* SceneDelegate.swift */ = {isa = PBXFileReference; lastKnownFileType = sourcecode.swift; path = SceneDelegate.swift; sourceTree = "<group>"; };
		E160EBC0264A6D44002820EC /* UsersViewController.swift */ = {isa = PBXFileReference; lastKnownFileType = sourcecode.swift; path = UsersViewController.swift; sourceTree = "<group>"; };
		E160EBC3264A6D44002820EC /* Base */ = {isa = PBXFileReference; lastKnownFileType = file.storyboard; name = Base; path = Base.lproj/Main.storyboard; sourceTree = "<group>"; };
		E160EBC6264A6D44002820EC /* RAFGithubUsersApp.xcdatamodel */ = {isa = PBXFileReference; lastKnownFileType = wrapper.xcdatamodel; path = RAFGithubUsersApp.xcdatamodel; sourceTree = "<group>"; };
		E160EBC8264A6D46002820EC /* Assets.xcassets */ = {isa = PBXFileReference; lastKnownFileType = folder.assetcatalog; path = Assets.xcassets; sourceTree = "<group>"; };
		E160EBCB264A6D46002820EC /* Base */ = {isa = PBXFileReference; lastKnownFileType = file.storyboard; name = Base; path = Base.lproj/LaunchScreen.storyboard; sourceTree = "<group>"; };
		E160EBCD264A6D46002820EC /* Info.plist */ = {isa = PBXFileReference; lastKnownFileType = text.plist.xml; path = Info.plist; sourceTree = "<group>"; };
		E160EBD2264A6D47002820EC /* RAFGithubUsersAppTests.xctest */ = {isa = PBXFileReference; explicitFileType = wrapper.cfbundle; includeInIndex = 0; path = RAFGithubUsersAppTests.xctest; sourceTree = BUILT_PRODUCTS_DIR; };
		E160EBD6264A6D47002820EC /* RAFGithubUsersAppTests.swift */ = {isa = PBXFileReference; lastKnownFileType = sourcecode.swift; path = RAFGithubUsersAppTests.swift; sourceTree = "<group>"; };
		E160EBD8264A6D47002820EC /* Info.plist */ = {isa = PBXFileReference; lastKnownFileType = text.plist.xml; path = Info.plist; sourceTree = "<group>"; };
		E160EBE2264A7592002820EC /* ViewControllersFactory.swift */ = {isa = PBXFileReference; lastKnownFileType = sourcecode.swift; path = ViewControllersFactory.swift; sourceTree = "<group>"; };
		E160EBE4264A76FF002820EC /* ProfileViewController.swift */ = {isa = PBXFileReference; lastKnownFileType = sourcecode.swift; path = ProfileViewController.swift; sourceTree = "<group>"; };
		E1880BE4264E8BEA0026D6DC /* ViewModelDelegate.swift */ = {isa = PBXFileReference; lastKnownFileType = sourcecode.swift; path = ViewModelDelegate.swift; sourceTree = "<group>"; };
		E189A155264ACC2A00CBD45A /* UserDataModelTest.swift */ = {isa = PBXFileReference; lastKnownFileType = sourcecode.swift; path = UserDataModelTest.swift; sourceTree = "<group>"; };
		E189A15F264AD5CF00CBD45A /* AppConfig.plist */ = {isa = PBXFileReference; lastKnownFileType = text.plist.xml; path = AppConfig.plist; sourceTree = "<group>"; };
		E189A160264AD6CD00CBD45A /* AppConfig.swift */ = {isa = PBXFileReference; lastKnownFileType = sourcecode.swift; path = AppConfig.swift; sourceTree = "<group>"; };
		E189A161264AD85B00CBD45A /* AppConfigHelperTests.swift */ = {isa = PBXFileReference; lastKnownFileType = sourcecode.swift; path = AppConfigHelperTests.swift; sourceTree = "<group>"; };
		E189A16C264ADD3000CBD45A /* Api.swift */ = {isa = PBXFileReference; lastKnownFileType = sourcecode.swift; path = Api.swift; sourceTree = "<group>"; };
		E189A179264AE08300CBD45A /* GithubUsersApi.swift */ = {isa = PBXFileReference; lastKnownFileType = sourcecode.swift; path = GithubUsersApi.swift; sourceTree = "<group>"; };
		E189A17C264AE0D400CBD45A /* GithubUser.swift */ = {isa = PBXFileReference; lastKnownFileType = sourcecode.swift; path = GithubUser.swift; sourceTree = "<group>"; };
		E189A17F264AE35000CBD45A /* AppError.swift */ = {isa = PBXFileReference; lastKnownFileType = sourcecode.swift; path = AppError.swift; sourceTree = "<group>"; };
		E189A182264AE77800CBD45A /* fakeuserslist.json */ = {isa = PBXFileReference; fileEncoding = 4; lastKnownFileType = text.json; path = fakeuserslist.json; sourceTree = "<group>"; };
		E189A184264AE7A000CBD45A /* GithubApiMock.swift */ = {isa = PBXFileReference; lastKnownFileType = sourcecode.swift; path = GithubApiMock.swift; sourceTree = "<group>"; };
		E189A186264AE9AC00CBD45A /* MockApiTests.swift */ = {isa = PBXFileReference; lastKnownFileType = sourcecode.swift; path = MockApiTests.swift; sourceTree = "<group>"; };
		E189A18C264AF8F900CBD45A /* UsersViewModel.swift */ = {isa = PBXFileReference; lastKnownFileType = sourcecode.swift; path = UsersViewModel.swift; sourceTree = "<group>"; };
		E189A18E264AF96300CBD45A /* ImageStore.swift */ = {isa = PBXFileReference; lastKnownFileType = sourcecode.swift; path = ImageStore.swift; sourceTree = "<group>"; };
		E189A190264AFA4700CBD45A /* Localizable.strings */ = {isa = PBXFileReference; lastKnownFileType = text.plist.strings; path = Localizable.strings; sourceTree = "<group>"; };
		E1A5B351265454680069655B /* UIAlertMessageDisplay.swift */ = {isa = PBXFileReference; lastKnownFileType = sourcecode.swift; path = UIAlertMessageDisplay.swift; sourceTree = "<group>"; };
		E1D04A7D264BB57F00C4E5FD /* NormalUserTableViewCell.swift */ = {isa = PBXFileReference; lastKnownFileType = sourcecode.swift; path = NormalUserTableViewCell.swift; sourceTree = "<group>"; };
		E1D04A7F264BB5CF00C4E5FD /* UIHelper.swift */ = {isa = PBXFileReference; lastKnownFileType = sourcecode.swift; path = UIHelper.swift; sourceTree = "<group>"; };
		E1E141472651AD3200C282FE /* User+CoreDataClass.swift */ = {isa = PBXFileReference; fileEncoding = 4; lastKnownFileType = sourcecode.swift; path = "User+CoreDataClass.swift"; sourceTree = "<group>"; };
		E1E14149265443EC00C282FE /* NormalUserTableViewCell copy.swift */ = {isa = PBXFileReference; lastKnownFileType = sourcecode.swift; path = "NormalUserTableViewCell copy.swift"; sourceTree = "<group>"; };
		E1E1414B26544A8300C282FE /* DebugUtils.swift */ = {isa = PBXFileReference; lastKnownFileType = sourcecode.swift; path = DebugUtils.swift; sourceTree = "<group>"; };
		E1F129AF265029D500EF34F8 /* CoreDataService.swift */ = {isa = PBXFileReference; lastKnownFileType = sourcecode.swift; path = CoreDataService.swift; sourceTree = "<group>"; };
		E1F129B226503B0600EF34F8 /* UsersProvider.swift */ = {isa = PBXFileReference; lastKnownFileType = sourcecode.swift; path = UsersProvider.swift; sourceTree = "<group>"; };
		E1F2C141264D826200041F03 /* Toast.swift */ = {isa = PBXFileReference; fileEncoding = 4; lastKnownFileType = sourcecode.swift; path = Toast.swift; sourceTree = "<group>"; };
		E1F4479326505C680073B193 /* SKSplashIcon.h */ = {isa = PBXFileReference; fileEncoding = 4; lastKnownFileType = sourcecode.c.h; path = SKSplashIcon.h; sourceTree = "<group>"; };
		E1F4479426505C680073B193 /* SKSplashIcon.m */ = {isa = PBXFileReference; fileEncoding = 4; lastKnownFileType = sourcecode.c.objc; path = SKSplashIcon.m; sourceTree = "<group>"; };
		E1F4479526505C680073B193 /* SKSplashView.h */ = {isa = PBXFileReference; fileEncoding = 4; lastKnownFileType = sourcecode.c.h; path = SKSplashView.h; sourceTree = "<group>"; };
		E1F4479626505C680073B193 /* SKSplashView.m */ = {isa = PBXFileReference; fileEncoding = 4; lastKnownFileType = sourcecode.c.objc; path = SKSplashView.m; sourceTree = "<group>"; };
		E1F447992650CC610073B193 /* ShimmerUserTableViewCell copy.swift */ = {isa = PBXFileReference; lastKnownFileType = sourcecode.swift; path = "ShimmerUserTableViewCell copy.swift"; sourceTree = "<group>"; };
		E1F447BB26511B560073B193 /* UserInfoProvider.swift */ = {isa = PBXFileReference; lastKnownFileType = sourcecode.swift; path = UserInfoProvider.swift; sourceTree = "<group>"; };
		E1F447BE26511E790073B193 /* UserInfo+CoreDataProperties.swift */ = {isa = PBXFileReference; lastKnownFileType = sourcecode.swift; path = "UserInfo+CoreDataProperties.swift"; sourceTree = "<group>"; };
		E1F6E024264D08E800A023A8 /* ShimmerUserTableViewCell.swift */ = {isa = PBXFileReference; lastKnownFileType = sourcecode.swift; path = ShimmerUserTableViewCell.swift; sourceTree = "<group>"; };
		E1F6E028264D764F00A023A8 /* ProfileViewModel.swift */ = {isa = PBXFileReference; lastKnownFileType = sourcecode.swift; path = ProfileViewModel.swift; sourceTree = "<group>"; };
		E1FA38EF264B05E4001EFA5C /* UserPresenter.swift */ = {isa = PBXFileReference; lastKnownFileType = sourcecode.swift; path = UserPresenter.swift; sourceTree = "<group>"; };
		E1FA38F4264B0867001EFA5C /* StringExtensions.swift */ = {isa = PBXFileReference; lastKnownFileType = sourcecode.swift; path = StringExtensions.swift; sourceTree = "<group>"; };
		E1FA38F6264B0B9D001EFA5C /* ImageSource.swift */ = {isa = PBXFileReference; lastKnownFileType = sourcecode.swift; path = ImageSource.swift; sourceTree = "<group>"; };
		E1FA38FA264B1B4D001EFA5C /* GithubUserInfo.swift */ = {isa = PBXFileReference; lastKnownFileType = sourcecode.swift; path = GithubUserInfo.swift; sourceTree = "<group>"; };
		E1FA38FC264B1BB7001EFA5C /* JSONSchemaSupport.swift */ = {isa = PBXFileReference; lastKnownFileType = sourcecode.swift; path = JSONSchemaSupport.swift; sourceTree = "<group>"; };
		E1FA3909264BA390001EFA5C /* User+CoreDataProperties.swift */ = {isa = PBXFileReference; lastKnownFileType = sourcecode.swift; path = "User+CoreDataProperties.swift"; sourceTree = "<group>"; };
		E1FA390A264BA390001EFA5C /* UserInfo+CoreDataClass.swift */ = {isa = PBXFileReference; lastKnownFileType = sourcecode.swift; path = "UserInfo+CoreDataClass.swift"; sourceTree = "<group>"; };
		E1FA390F264BA90C001EFA5C /* UserInfoDataModelTest.swift */ = {isa = PBXFileReference; lastKnownFileType = sourcecode.swift; path = UserInfoDataModelTest.swift; sourceTree = "<group>"; };
/* End PBXFileReference section */

/* Begin PBXFrameworksBuildPhase section */
		E160EBB6264A6D44002820EC /* Frameworks */ = {
			isa = PBXFrameworksBuildPhase;
			buildActionMask = 2147483647;
			files = (
				E146CC36264D937600C3FA51 /* ExternalAccessory.framework in Frameworks */,
				E146CC32264D901F00C3FA51 /* SkeletonView.framework in Frameworks */,
				E146CC2F264D8FEC00C3FA51 /* Reachability.framework in Frameworks */,
			);
			runOnlyForDeploymentPostprocessing = 0;
		};
		E160EBCF264A6D47002820EC /* Frameworks */ = {
			isa = PBXFrameworksBuildPhase;
			buildActionMask = 2147483647;
			files = (
			);
			runOnlyForDeploymentPostprocessing = 0;
		};
/* End PBXFrameworksBuildPhase section */

/* Begin PBXGroup section */
		E146CC26264D877600C3FA51 /* FFBadgedBarButtonItem */ = {
			isa = PBXGroup;
			children = (
				E1510C65264C10A600E59C35 /* FFBadgedBarButtonItem.m */,
				E1510C67264C10B000E59C35 /* FFBadgedBarButtonItem.h */,
			);
			path = FFBadgedBarButtonItem;
			sourceTree = "<group>";
		};
		E1510C63264C109700E59C35 /* Vendor */ = {
			isa = PBXGroup;
			children = (
				E1F4479226505C5B0073B193 /* SKSpashView */,
				E146CC26264D877600C3FA51 /* FFBadgedBarButtonItem */,
				E1F2C143264D826600041F03 /* Toast */,
				E1510C64264C10A500E59C35 /* RAFGithubUsersApp-Bridging-Header.h */,
			);
			path = Vendor;
			sourceTree = "<group>";
		};
		E1510C78264C4E0000E59C35 /* Base Types */ = {
			isa = PBXGroup;
			children = (
				E1510C6E264C478100E59C35 /* UserTableViewCell.swift */,
				E1510C74264C4D7A00E59C35 /* UserListTableViewCellDelegate.swift */,
				E1510C70264C4A9800E59C35 /* UserTableViewCellBase.swift */,
			);
			path = "Base Types";
			sourceTree = "<group>";
		};
		E1510C7D264C70C300E59C35 /* Profile */ = {
			isa = PBXGroup;
			children = (
				E160EBE4264A76FF002820EC /* ProfileViewController.swift */,
			);
			path = Profile;
			sourceTree = "<group>";
		};
		E1510C7E264C710F00E59C35 /* TableCells */ = {
			isa = PBXGroup;
			children = (
				E1510C78264C4E0000E59C35 /* Base Types */,
				E1D04A7D264BB57F00C4E5FD /* NormalUserTableViewCell.swift */,
				E1E14149265443EC00C282FE /* NormalUserTableViewCell copy.swift */,
				E1510C6A264C459200E59C35 /* InvertedUserTableViewCell.swift */,
				E1510C79264C6A0F00E59C35 /* StubUserTableViewCell.swift */,
				E1F6E024264D08E800A023A8 /* ShimmerUserTableViewCell.swift */,
				E1F447992650CC610073B193 /* ShimmerUserTableViewCell copy.swift */,
				E1510C7F264C9B9200E59C35 /* AdminUserTableViewCell.swift */,
				E1510C7B264C6A7A00E59C35 /* NoteUserTableViewCell copy.swift */,
			);
			path = TableCells;
			sourceTree = "<group>";
		};
		E1510C82264CF45000E59C35 /* Frameworks */ = {
			isa = PBXGroup;
			children = (
				E146CC35264D937600C3FA51 /* ExternalAccessory.framework */,
				E146CC2E264D8FEC00C3FA51 /* Reachability.framework */,
				E1510C83264CF45100E59C35 /* SkeletonView.framework */,
			);
			name = Frameworks;
			sourceTree = "<group>";
		};
		E1510C85264CF75800E59C35 /* InferfaceBuilder */ = {
			isa = PBXGroup;
			children = (
				E160EBC2264A6D44002820EC /* Main.storyboard */,
			);
			path = InferfaceBuilder;
			sourceTree = "<group>";
		};
		E160EBB0264A6D44002820EC = {
			isa = PBXGroup;
			children = (
				E160EBBB264A6D44002820EC /* RAFGithubUsersApp */,
				E160EBD5264A6D47002820EC /* RAFGithubUsersAppTests */,
				E160EBBA264A6D44002820EC /* Products */,
				E1510C82264CF45000E59C35 /* Frameworks */,
			);
			sourceTree = "<group>";
		};
		E160EBBA264A6D44002820EC /* Products */ = {
			isa = PBXGroup;
			children = (
				E160EBB9264A6D44002820EC /* GithubApp.app */,
				E160EBD2264A6D47002820EC /* RAFGithubUsersAppTests.xctest */,
			);
			name = Products;
			sourceTree = "<group>";
		};
		E160EBBB264A6D44002820EC /* RAFGithubUsersApp */ = {
			isa = PBXGroup;
			children = (
				E146CC34264D937600C3FA51 /* GithubApp.entitlements */,
				E1510C85264CF75800E59C35 /* InferfaceBuilder */,
				E1FA38FE264B1F19001EFA5C /* Persistence */,
				E189A167264ADC5800CBD45A /* Api */,
				E160EBE1264A7586002820EC /* ViewControllers */,
				E189A18B264AF8C900CBD45A /* ViewModels */,
				E1FA38EE264B05B8001EFA5C /* Presenters */,
				E189A17E264AE33C00CBD45A /* Support */,
				E189A15E264AD5BB00CBD45A /* AppConfig */,
				E189A18F264AFA2E00CBD45A /* Localization */,
				E160EBBC264A6D44002820EC /* AppDelegate.swift */,
				E160EBBE264A6D44002820EC /* SceneDelegate.swift */,
				E160EBC8264A6D46002820EC /* Assets.xcassets */,
				E160EBCA264A6D46002820EC /* LaunchScreen.storyboard */,
				E160EBCD264A6D46002820EC /* Info.plist */,
			);
			path = RAFGithubUsersApp;
			sourceTree = "<group>";
		};
		E160EBD5264A6D47002820EC /* RAFGithubUsersAppTests */ = {
			isa = PBXGroup;
			children = (
				E189A181264AE76900CBD45A /* ApiMock */,
				E160EBD6264A6D47002820EC /* RAFGithubUsersAppTests.swift */,
				E189A155264ACC2A00CBD45A /* UserDataModelTest.swift */,
				E1FA390F264BA90C001EFA5C /* UserInfoDataModelTest.swift */,
				E189A161264AD85B00CBD45A /* AppConfigHelperTests.swift */,
				E189A186264AE9AC00CBD45A /* MockApiTests.swift */,
				E160EBD8264A6D47002820EC /* Info.plist */,
			);
			path = RAFGithubUsersAppTests;
			sourceTree = "<group>";
		};
		E160EBE1264A7586002820EC /* ViewControllers */ = {
			isa = PBXGroup;
			children = (
				E160EBE2264A7592002820EC /* ViewControllersFactory.swift */,
				E1D04A7C264BB56F00C4E5FD /* Home */,
				E1510C7D264C70C300E59C35 /* Profile */,
			);
			path = ViewControllers;
			sourceTree = "<group>";
		};
		E189A152264ACA3300CBD45A /* CoreDataModels */ = {
			isa = PBXGroup;
			children = (
				E1E141472651AD3200C282FE /* User+CoreDataClass.swift */,
				E1FA3909264BA390001EFA5C /* User+CoreDataProperties.swift */,
				E1FA390A264BA390001EFA5C /* UserInfo+CoreDataClass.swift */,
				E1F447BE26511E790073B193 /* UserInfo+CoreDataProperties.swift */,
			);
			path = CoreDataModels;
			sourceTree = "<group>";
		};
		E189A15E264AD5BB00CBD45A /* AppConfig */ = {
			isa = PBXGroup;
			children = (
				E189A15F264AD5CF00CBD45A /* AppConfig.plist */,
				E189A160264AD6CD00CBD45A /* AppConfig.swift */,
			);
			path = AppConfig;
			sourceTree = "<group>";
		};
		E189A167264ADC5800CBD45A /* Api */ = {
			isa = PBXGroup;
			children = (
				E189A16C264ADD3000CBD45A /* Api.swift */,
				E189A179264AE08300CBD45A /* GithubUsersApi.swift */,
				E189A171264ADE5400CBD45A /* ApiModels */,
			);
			path = Api;
			sourceTree = "<group>";
		};
		E189A171264ADE5400CBD45A /* ApiModels */ = {
			isa = PBXGroup;
			children = (
				E1FA38FA264B1B4D001EFA5C /* GithubUserInfo.swift */,
				E189A17C264AE0D400CBD45A /* GithubUser.swift */,
			);
			path = ApiModels;
			sourceTree = "<group>";
		};
		E189A17E264AE33C00CBD45A /* Support */ = {
			isa = PBXGroup;
			children = (
				E1FA38F3264B0867001EFA5C /* Extensions */,
				E189A18D264AF95500CBD45A /* Util */,
				E1510C63264C109700E59C35 /* Vendor */,
				E1F129AE2650283700EF34F8 /* Types */,
			);
			path = Support;
			sourceTree = "<group>";
		};
		E189A181264AE76900CBD45A /* ApiMock */ = {
			isa = PBXGroup;
			children = (
				E189A184264AE7A000CBD45A /* GithubApiMock.swift */,
				E189A182264AE77800CBD45A /* fakeuserslist.json */,
			);
			path = ApiMock;
			sourceTree = "<group>";
		};
		E189A18B264AF8C900CBD45A /* ViewModels */ = {
			isa = PBXGroup;
			children = (
				E1880BE4264E8BEA0026D6DC /* ViewModelDelegate.swift */,
				E1F6E028264D764F00A023A8 /* ProfileViewModel.swift */,
				E189A18C264AF8F900CBD45A /* UsersViewModel.swift */,
			);
			path = ViewModels;
			sourceTree = "<group>";
		};
		E189A18D264AF95500CBD45A /* Util */ = {
			isa = PBXGroup;
			children = (
				E1A5B350265453630069655B /* Network */,
				E1A5B34F265453400069655B /* API */,
				E1A5B34E265453340069655B /* Debug */,
				E1A5B34D265453290069655B /* UI */,
				E1A5B34C2654531B0069655B /* Scheduling */,
				E1A5B34B265452FC0069655B /* Caching */,
			);
			path = Util;
			sourceTree = "<group>";
		};
		E189A18F264AFA2E00CBD45A /* Localization */ = {
			isa = PBXGroup;
			children = (
				E189A190264AFA4700CBD45A /* Localizable.strings */,
			);
			path = Localization;
			sourceTree = "<group>";
		};
		E1A5B34B265452FC0069655B /* Caching */ = {
			isa = PBXGroup;
			children = (
				E189A18E264AF96300CBD45A /* ImageStore.swift */,
			);
			path = Caching;
			sourceTree = "<group>";
		};
		E1A5B34C2654531B0069655B /* Scheduling */ = {
			isa = PBXGroup;
			children = (
				E146CC37264DD4B000C3FA51 /* ScheduledTask.swift */,
			);
			path = Scheduling;
			sourceTree = "<group>";
		};
		E1A5B34D265453290069655B /* UI */ = {
			isa = PBXGroup;
			children = (
				E1D04A7F264BB5CF00C4E5FD /* UIHelper.swift */,
				E1A5B351265454680069655B /* UIAlertMessageDisplay.swift */,
			);
			path = UI;
			sourceTree = "<group>";
		};
		E1A5B34E265453340069655B /* Debug */ = {
			isa = PBXGroup;
			children = (
				E1E1414B26544A8300C282FE /* DebugUtils.swift */,
			);
			path = Debug;
			sourceTree = "<group>";
		};
		E1A5B34F265453400069655B /* API */ = {
			isa = PBXGroup;
			children = (
				E1FA38FC264B1BB7001EFA5C /* JSONSchemaSupport.swift */,
			);
			path = API;
			sourceTree = "<group>";
		};
		E1A5B350265453630069655B /* Network */ = {
			isa = PBXGroup;
			children = (
				E146CC2C264D887400C3FA51 /* ConnectionMonitor.swift */,
			);
			path = Network;
			sourceTree = "<group>";
		};
		E1D04A7C264BB56F00C4E5FD /* Home */ = {
			isa = PBXGroup;
			children = (
				E160EBC0264A6D44002820EC /* UsersViewController.swift */,
				E1510C7E264C710F00E59C35 /* TableCells */,
			);
			path = Home;
			sourceTree = "<group>";
		};
		E1F129AE2650283700EF34F8 /* Types */ = {
			isa = PBXGroup;
			children = (
				E1FA38F6264B0B9D001EFA5C /* ImageSource.swift */,
				E189A17F264AE35000CBD45A /* AppError.swift */,
			);
			path = Types;
			sourceTree = "<group>";
		};
		E1F129B126503AD200EF34F8 /* Providers */ = {
			isa = PBXGroup;
			children = (
				E1F447BB26511B560073B193 /* UserInfoProvider.swift */,
				E1F129B226503B0600EF34F8 /* UsersProvider.swift */,
			);
			path = Providers;
			sourceTree = "<group>";
		};
		E1F2C143264D826600041F03 /* Toast */ = {
			isa = PBXGroup;
			children = (
				E1F2C141264D826200041F03 /* Toast.swift */,
			);
			path = Toast;
			sourceTree = "<group>";
		};
		E1F4479226505C5B0073B193 /* SKSpashView */ = {
			isa = PBXGroup;
			children = (
				E1F4479326505C680073B193 /* SKSplashIcon.h */,
				E1F4479426505C680073B193 /* SKSplashIcon.m */,
				E1F4479526505C680073B193 /* SKSplashView.h */,
				E1F4479626505C680073B193 /* SKSplashView.m */,
			);
			path = SKSpashView;
			sourceTree = "<group>";
		};
		E1FA38EE264B05B8001EFA5C /* Presenters */ = {
			isa = PBXGroup;
			children = (
				E129A664264EB4130035A99B /* UserInfoPresenter.swift */,
				E1FA38EF264B05E4001EFA5C /* UserPresenter.swift */,
			);
			path = Presenters;
			sourceTree = "<group>";
		};
		E1FA38F3264B0867001EFA5C /* Extensions */ = {
			isa = PBXGroup;
			children = (
				E1FA38F4264B0867001EFA5C /* StringExtensions.swift */,
				E1510C6C264C462200E59C35 /* UIViewExtensions.swift */,
				E1510C68264C428B00E59C35 /* UIImageExtensions.swift */,
			);
			path = Extensions;
			sourceTree = "<group>";
		};
		E1FA38FE264B1F19001EFA5C /* Persistence */ = {
			isa = PBXGroup;
			children = (
				E1F129AF265029D500EF34F8 /* CoreDataService.swift */,
				E1F129B126503AD200EF34F8 /* Providers */,
				E160EBC5264A6D44002820EC /* RAFGithubUsersApp.xcdatamodeld */,
				E189A152264ACA3300CBD45A /* CoreDataModels */,
			);
			path = Persistence;
			sourceTree = "<group>";
		};
/* End PBXGroup section */

/* Begin PBXNativeTarget section */
		E160EBB8264A6D44002820EC /* RAFGithubUsersApp */ = {
			isa = PBXNativeTarget;
			buildConfigurationList = E160EBDB264A6D47002820EC /* Build configuration list for PBXNativeTarget "RAFGithubUsersApp" */;
			buildPhases = (
				E160EBB5264A6D44002820EC /* Sources */,
				E160EBB6264A6D44002820EC /* Frameworks */,
				E160EBB7264A6D44002820EC /* Resources */,
				E1510C81264CF36700E59C35 /* ShellScript */,
				E146CC31264D8FED00C3FA51 /* Embed Frameworks */,
			);
			buildRules = (
			);
			dependencies = (
			);
			name = RAFGithubUsersApp;
			productName = RAFGithubUsersApp;
			productReference = E160EBB9264A6D44002820EC /* GithubApp.app */;
			productType = "com.apple.product-type.application";
		};
		E160EBD1264A6D47002820EC /* RAFGithubUsersAppTests */ = {
			isa = PBXNativeTarget;
			buildConfigurationList = E160EBDE264A6D47002820EC /* Build configuration list for PBXNativeTarget "RAFGithubUsersAppTests" */;
			buildPhases = (
				E160EBCE264A6D47002820EC /* Sources */,
				E160EBCF264A6D47002820EC /* Frameworks */,
				E160EBD0264A6D47002820EC /* Resources */,
			);
			buildRules = (
			);
			dependencies = (
				E160EBD4264A6D47002820EC /* PBXTargetDependency */,
			);
			name = RAFGithubUsersAppTests;
			productName = RAFGithubUsersAppTests;
			productReference = E160EBD2264A6D47002820EC /* RAFGithubUsersAppTests.xctest */;
			productType = "com.apple.product-type.bundle.unit-test";
		};
/* End PBXNativeTarget section */

/* Begin PBXProject section */
		E160EBB1264A6D44002820EC /* Project object */ = {
			isa = PBXProject;
			attributes = {
				LastSwiftUpdateCheck = 1150;
				LastUpgradeCheck = 1150;
				ORGANIZATIONNAME = Raf;
				TargetAttributes = {
					E160EBB8264A6D44002820EC = {
						CreatedOnToolsVersion = 11.5;
						LastSwiftMigration = 1150;
					};
					E160EBD1264A6D47002820EC = {
						CreatedOnToolsVersion = 11.5;
						TestTargetID = E160EBB8264A6D44002820EC;
					};
				};
			};
			buildConfigurationList = E160EBB4264A6D44002820EC /* Build configuration list for PBXProject "RAFGithubUsersApp" */;
			compatibilityVersion = "Xcode 9.3";
			developmentRegion = en;
			hasScannedForEncodings = 0;
			knownRegions = (
				en,
				Base,
			);
			mainGroup = E160EBB0264A6D44002820EC;
			productRefGroup = E160EBBA264A6D44002820EC /* Products */;
			projectDirPath = "";
			projectRoot = "";
			targets = (
				E160EBB8264A6D44002820EC /* RAFGithubUsersApp */,
				E160EBD1264A6D47002820EC /* RAFGithubUsersAppTests */,
			);
		};
/* End PBXProject section */

/* Begin PBXResourcesBuildPhase section */
		E160EBB7264A6D44002820EC /* Resources */ = {
			isa = PBXResourcesBuildPhase;
			buildActionMask = 2147483647;
			files = (
				E189A165264AD86600CBD45A /* AppConfig.plist in Resources */,
				E160EBCC264A6D46002820EC /* LaunchScreen.storyboard in Resources */,
				E160EBC9264A6D46002820EC /* Assets.xcassets in Resources */,
				E160EBC4264A6D44002820EC /* Main.storyboard in Resources */,
				E1F6E027264D648700A023A8 /* fakeuserslist.json in Resources */,
			);
			runOnlyForDeploymentPostprocessing = 0;
		};
		E160EBD0264A6D47002820EC /* Resources */ = {
			isa = PBXResourcesBuildPhase;
			buildActionMask = 2147483647;
			files = (
				E1510C61264BFAD700E59C35 /* fakeuserslist.json in Resources */,
			);
			runOnlyForDeploymentPostprocessing = 0;
		};
/* End PBXResourcesBuildPhase section */

/* Begin PBXShellScriptBuildPhase section */
		E1510C81264CF36700E59C35 /* ShellScript */ = {
			isa = PBXShellScriptBuildPhase;
			buildActionMask = 2147483647;
			files = (
			);
			inputFileListPaths = (
			);
			inputPaths = (
				"$(SRCROOT)/Carthage/Build/iOS/SkeletonView.framework",
				"$(SRCROOT)/Carthage/Build/iOS/Reachability.framework",
			);
			outputFileListPaths = (
			);
			outputPaths = (
			);
			runOnlyForDeploymentPostprocessing = 0;
			shellPath = /bin/sh;
			shellScript = "# Type a script or drag a script file from your workspace to insert its path.\ncarthage copy-frameworks\n";
		};
/* End PBXShellScriptBuildPhase section */

/* Begin PBXSourcesBuildPhase section */
		E160EBB5264A6D44002820EC /* Sources */ = {
			isa = PBXSourcesBuildPhase;
			buildActionMask = 2147483647;
			files = (
				E1F2C142264D826200041F03 /* Toast.swift in Sources */,
				E1510C6D264C462200E59C35 /* UIViewExtensions.swift in Sources */,
				E160EBC1264A6D44002820EC /* UsersViewController.swift in Sources */,
				E1E1414C26544A8400C282FE /* DebugUtils.swift in Sources */,
				E129A665264EB4130035A99B /* UserInfoPresenter.swift in Sources */,
				E189A180264AE3FD00CBD45A /* AppError.swift in Sources */,
				E1F447BC26511B560073B193 /* UserInfoProvider.swift in Sources */,
				E189A17D264AE0D400CBD45A /* GithubUser.swift in Sources */,
				E1A5B352265454680069655B /* UIAlertMessageDisplay.swift in Sources */,
				E1FA38F7264B0B9D001EFA5C /* ImageSource.swift in Sources */,
				E1F6E029264D765000A023A8 /* ProfileViewModel.swift in Sources */,
				E160EBE5264A76FF002820EC /* ProfileViewController.swift in Sources */,
				E1510C69264C428B00E59C35 /* UIImageExtensions.swift in Sources */,
				E1FA38F0264B07D1001EFA5C /* UsersViewModel.swift in Sources */,
				E1510C80264C9B9300E59C35 /* AdminUserTableViewCell.swift in Sources */,
				E1E141482651AD3300C282FE /* User+CoreDataClass.swift in Sources */,
				E189A17A264AE08300CBD45A /* GithubUsersApi.swift in Sources */,
				E1E1414A265443EE00C282FE /* NormalUserTableViewCell copy.swift in Sources */,
				E189A166264AD86600CBD45A /* AppConfig.swift in Sources */,
				E1FA38F2264B083A001EFA5C /* UserPresenter.swift in Sources */,
				E160EBE3264A7686002820EC /* ViewControllersFactory.swift in Sources */,
				E1510C66264C10A600E59C35 /* FFBadgedBarButtonItem.m in Sources */,
				E1F6E025264D08E800A023A8 /* ShimmerUserTableViewCell.swift in Sources */,
				E1510C75264C4D7A00E59C35 /* UserListTableViewCellDelegate.swift in Sources */,
				E1510C71264C4A9800E59C35 /* UserTableViewCellBase.swift in Sources */,
				E1510C7A264C6A1000E59C35 /* StubUserTableViewCell.swift in Sources */,
				E1510C7C264C6A7A00E59C35 /* NoteUserTableViewCell copy.swift in Sources */,
				E1880BE5264E8BEA0026D6DC /* ViewModelDelegate.swift in Sources */,
				E1F129B0265029D600EF34F8 /* CoreDataService.swift in Sources */,
				E189A16D264ADD3000CBD45A /* Api.swift in Sources */,
				E1F4479826505C680073B193 /* SKSplashView.m in Sources */,
				E146CC2D264D887400C3FA51 /* ConnectionMonitor.swift in Sources */,
				E1D04A7E264BB58300C4E5FD /* NormalUserTableViewCell.swift in Sources */,
				E1FA38FD264B1BB7001EFA5C /* JSONSchemaSupport.swift in Sources */,
				E160EBC7264A6D44002820EC /* RAFGithubUsersApp.xcdatamodeld in Sources */,
				E1F129B326503B8100EF34F8 /* UsersProvider.swift in Sources */,
				E1510C6B264C459200E59C35 /* InvertedUserTableViewCell.swift in Sources */,
				E1FA38FB264B1B4D001EFA5C /* GithubUserInfo.swift in Sources */,
				E1FA390D264BA390001EFA5C /* UserInfo+CoreDataClass.swift in Sources */,
				E1510C6F264C478100E59C35 /* UserTableViewCell.swift in Sources */,
				E1FA38F5264B086F001EFA5C /* StringExtensions.swift in Sources */,
				E1F4479726505C680073B193 /* SKSplashIcon.m in Sources */,
				E1FA38F1264B07D7001EFA5C /* ImageStore.swift in Sources */,
				E146CC38264DD4B100C3FA51 /* ScheduledTask.swift in Sources */,
				E160EBBD264A6D44002820EC /* AppDelegate.swift in Sources */,
				E1FA390C264BA390001EFA5C /* User+CoreDataProperties.swift in Sources */,
				E160EBBF264A6D44002820EC /* SceneDelegate.swift in Sources */,
				E1D04A80264BB5CF00C4E5FD /* UIHelper.swift in Sources */,
				E1F447C026511E790073B193 /* UserInfo+CoreDataProperties.swift in Sources */,
			);
			runOnlyForDeploymentPostprocessing = 0;
		};
		E160EBCE264A6D47002820EC /* Sources */ = {
			isa = PBXSourcesBuildPhase;
			buildActionMask = 2147483647;
			files = (
				E1D04A7A264BAF1900C4E5FD /* AppConfigHelperTests.swift in Sources */,
				E1D04A79264BAF1900C4E5FD /* UserInfoDataModelTest.swift in Sources */,
				E160EBD7264A6D47002820EC /* RAFGithubUsersAppTests.swift in Sources */,
				E1D04A78264BAF1900C4E5FD /* UserDataModelTest.swift in Sources */,
				E1510C60264BFAD300E59C35 /* GithubApiMock.swift in Sources */,
				E1D04A7B264BAF1900C4E5FD /* MockApiTests.swift in Sources */,
				E189A157264ACC6600CBD45A /* RAFGithubUsersApp.xcdatamodeld in Sources */,
			);
			runOnlyForDeploymentPostprocessing = 0;
		};
/* End PBXSourcesBuildPhase section */

/* Begin PBXTargetDependency section */
		E160EBD4264A6D47002820EC /* PBXTargetDependency */ = {
			isa = PBXTargetDependency;
			target = E160EBB8264A6D44002820EC /* RAFGithubUsersApp */;
			targetProxy = E160EBD3264A6D47002820EC /* PBXContainerItemProxy */;
		};
/* End PBXTargetDependency section */

/* Begin PBXVariantGroup section */
		E160EBC2264A6D44002820EC /* Main.storyboard */ = {
			isa = PBXVariantGroup;
			children = (
				E160EBC3264A6D44002820EC /* Base */,
			);
			name = Main.storyboard;
			sourceTree = "<group>";
		};
		E160EBCA264A6D46002820EC /* LaunchScreen.storyboard */ = {
			isa = PBXVariantGroup;
			children = (
				E160EBCB264A6D46002820EC /* Base */,
			);
			name = LaunchScreen.storyboard;
			sourceTree = "<group>";
		};
/* End PBXVariantGroup section */

/* Begin XCBuildConfiguration section */
		E160EBD9264A6D47002820EC /* Debug */ = {
			isa = XCBuildConfiguration;
			buildSettings = {
				ALWAYS_SEARCH_USER_PATHS = NO;
				CLANG_ANALYZER_NONNULL = YES;
				CLANG_ANALYZER_NUMBER_OBJECT_CONVERSION = YES_AGGRESSIVE;
				CLANG_CXX_LANGUAGE_STANDARD = "gnu++14";
				CLANG_CXX_LIBRARY = "libc++";
				CLANG_ENABLE_MODULES = YES;
				CLANG_ENABLE_OBJC_ARC = YES;
				CLANG_ENABLE_OBJC_WEAK = YES;
				CLANG_WARN_BLOCK_CAPTURE_AUTORELEASING = YES;
				CLANG_WARN_BOOL_CONVERSION = YES;
				CLANG_WARN_COMMA = YES;
				CLANG_WARN_CONSTANT_CONVERSION = YES;
				CLANG_WARN_DEPRECATED_OBJC_IMPLEMENTATIONS = YES;
				CLANG_WARN_DIRECT_OBJC_ISA_USAGE = YES_ERROR;
				CLANG_WARN_DOCUMENTATION_COMMENTS = YES;
				CLANG_WARN_EMPTY_BODY = YES;
				CLANG_WARN_ENUM_CONVERSION = YES;
				CLANG_WARN_INFINITE_RECURSION = YES;
				CLANG_WARN_INT_CONVERSION = YES;
				CLANG_WARN_NON_LITERAL_NULL_CONVERSION = YES;
				CLANG_WARN_OBJC_IMPLICIT_RETAIN_SELF = YES;
				CLANG_WARN_OBJC_LITERAL_CONVERSION = YES;
				CLANG_WARN_OBJC_ROOT_CLASS = YES_ERROR;
				CLANG_WARN_RANGE_LOOP_ANALYSIS = YES;
				CLANG_WARN_STRICT_PROTOTYPES = YES;
				CLANG_WARN_SUSPICIOUS_MOVE = YES;
				CLANG_WARN_UNGUARDED_AVAILABILITY = YES_AGGRESSIVE;
				CLANG_WARN_UNREACHABLE_CODE = YES;
				CLANG_WARN__DUPLICATE_METHOD_MATCH = YES;
				COPY_PHASE_STRIP = NO;
				DEBUG_INFORMATION_FORMAT = dwarf;
				ENABLE_STRICT_OBJC_MSGSEND = YES;
				ENABLE_TESTABILITY = YES;
				GCC_C_LANGUAGE_STANDARD = gnu11;
				GCC_DYNAMIC_NO_PIC = NO;
				GCC_NO_COMMON_BLOCKS = YES;
				GCC_OPTIMIZATION_LEVEL = 0;
				GCC_PREPROCESSOR_DEFINITIONS = (
					"DEBUG=1",
					"$(inherited)",
				);
				GCC_WARN_64_TO_32_BIT_CONVERSION = YES;
				GCC_WARN_ABOUT_RETURN_TYPE = YES_ERROR;
				GCC_WARN_UNDECLARED_SELECTOR = YES;
				GCC_WARN_UNINITIALIZED_AUTOS = YES_AGGRESSIVE;
				GCC_WARN_UNUSED_FUNCTION = YES;
				GCC_WARN_UNUSED_VARIABLE = YES;
				IPHONEOS_DEPLOYMENT_TARGET = 13.5;
				MTL_ENABLE_DEBUG_INFO = INCLUDE_SOURCE;
				MTL_FAST_MATH = YES;
				ONLY_ACTIVE_ARCH = YES;
				SDKROOT = iphoneos;
				SWIFT_ACTIVE_COMPILATION_CONDITIONS = DEBUG;
				SWIFT_OPTIMIZATION_LEVEL = "-Onone";
			};
			name = Debug;
		};
		E160EBDA264A6D47002820EC /* Release */ = {
			isa = XCBuildConfiguration;
			buildSettings = {
				ALWAYS_SEARCH_USER_PATHS = NO;
				CLANG_ANALYZER_NONNULL = YES;
				CLANG_ANALYZER_NUMBER_OBJECT_CONVERSION = YES_AGGRESSIVE;
				CLANG_CXX_LANGUAGE_STANDARD = "gnu++14";
				CLANG_CXX_LIBRARY = "libc++";
				CLANG_ENABLE_MODULES = YES;
				CLANG_ENABLE_OBJC_ARC = YES;
				CLANG_ENABLE_OBJC_WEAK = YES;
				CLANG_WARN_BLOCK_CAPTURE_AUTORELEASING = YES;
				CLANG_WARN_BOOL_CONVERSION = YES;
				CLANG_WARN_COMMA = YES;
				CLANG_WARN_CONSTANT_CONVERSION = YES;
				CLANG_WARN_DEPRECATED_OBJC_IMPLEMENTATIONS = YES;
				CLANG_WARN_DIRECT_OBJC_ISA_USAGE = YES_ERROR;
				CLANG_WARN_DOCUMENTATION_COMMENTS = YES;
				CLANG_WARN_EMPTY_BODY = YES;
				CLANG_WARN_ENUM_CONVERSION = YES;
				CLANG_WARN_INFINITE_RECURSION = YES;
				CLANG_WARN_INT_CONVERSION = YES;
				CLANG_WARN_NON_LITERAL_NULL_CONVERSION = YES;
				CLANG_WARN_OBJC_IMPLICIT_RETAIN_SELF = YES;
				CLANG_WARN_OBJC_LITERAL_CONVERSION = YES;
				CLANG_WARN_OBJC_ROOT_CLASS = YES_ERROR;
				CLANG_WARN_RANGE_LOOP_ANALYSIS = YES;
				CLANG_WARN_STRICT_PROTOTYPES = YES;
				CLANG_WARN_SUSPICIOUS_MOVE = YES;
				CLANG_WARN_UNGUARDED_AVAILABILITY = YES_AGGRESSIVE;
				CLANG_WARN_UNREACHABLE_CODE = YES;
				CLANG_WARN__DUPLICATE_METHOD_MATCH = YES;
				COPY_PHASE_STRIP = NO;
				DEBUG_INFORMATION_FORMAT = "dwarf-with-dsym";
				ENABLE_NS_ASSERTIONS = NO;
				ENABLE_STRICT_OBJC_MSGSEND = YES;
				GCC_C_LANGUAGE_STANDARD = gnu11;
				GCC_NO_COMMON_BLOCKS = YES;
				GCC_WARN_64_TO_32_BIT_CONVERSION = YES;
				GCC_WARN_ABOUT_RETURN_TYPE = YES_ERROR;
				GCC_WARN_UNDECLARED_SELECTOR = YES;
				GCC_WARN_UNINITIALIZED_AUTOS = YES_AGGRESSIVE;
				GCC_WARN_UNUSED_FUNCTION = YES;
				GCC_WARN_UNUSED_VARIABLE = YES;
				IPHONEOS_DEPLOYMENT_TARGET = 13.5;
				MTL_ENABLE_DEBUG_INFO = NO;
				MTL_FAST_MATH = YES;
				SDKROOT = iphoneos;
				SWIFT_COMPILATION_MODE = wholemodule;
				SWIFT_OPTIMIZATION_LEVEL = "-O";
				VALIDATE_PRODUCT = YES;
			};
			name = Release;
		};
		E160EBDC264A6D47002820EC /* Debug */ = {
			isa = XCBuildConfiguration;
			buildSettings = {
				ASSETCATALOG_COMPILER_APPICON_NAME = AppIcon;
				CLANG_ENABLE_MODULES = YES;
				CODE_SIGN_ENTITLEMENTS = RAFGithubUsersApp/GithubApp.entitlements;
				CODE_SIGN_STYLE = Automatic;
				DEVELOPMENT_TEAM = BV7ZYWZYR7;
				FRAMEWORK_SEARCH_PATHS = (
					"$(inherited)",
					"$(PROJECT_DIR)/Carthage/Build/iOS",
				);
				INFOPLIST_FILE = RAFGithubUsersApp/Info.plist;
				LD_RUNPATH_SEARCH_PATHS = (
					"$(inherited)",
					"@executable_path/Frameworks",
				);
				PRODUCT_BUNDLE_IDENTIFIER = com.raf.software.RAFGithubUsersApp;
				PRODUCT_NAME = GithubApp;
				SWIFT_OBJC_BRIDGING_HEADER = "RAFGithubUsersApp/Support/Vendor/RAFGithubUsersApp-Bridging-Header.h";
				SWIFT_OPTIMIZATION_LEVEL = "-Onone";
				SWIFT_VERSION = 5.0;
				TARGETED_DEVICE_FAMILY = 1;
			};
			name = Debug;
		};
		E160EBDD264A6D47002820EC /* Release */ = {
			isa = XCBuildConfiguration;
			buildSettings = {
				ASSETCATALOG_COMPILER_APPICON_NAME = AppIcon;
				CLANG_ENABLE_MODULES = YES;
				CODE_SIGN_ENTITLEMENTS = RAFGithubUsersApp/GithubApp.entitlements;
				CODE_SIGN_STYLE = Automatic;
				DEVELOPMENT_TEAM = BV7ZYWZYR7;
				FRAMEWORK_SEARCH_PATHS = (
					"$(inherited)",
					"$(PROJECT_DIR)/Carthage/Build/iOS",
				);
				INFOPLIST_FILE = RAFGithubUsersApp/Info.plist;
				LD_RUNPATH_SEARCH_PATHS = (
					"$(inherited)",
					"@executable_path/Frameworks",
				);
				PRODUCT_BUNDLE_IDENTIFIER = com.raf.software.RAFGithubUsersApp;
				PRODUCT_NAME = GithubApp;
				SWIFT_OBJC_BRIDGING_HEADER = "RAFGithubUsersApp/Support/Vendor/RAFGithubUsersApp-Bridging-Header.h";
				SWIFT_VERSION = 5.0;
				TARGETED_DEVICE_FAMILY = 1;
			};
			name = Release;
		};
		E160EBDF264A6D47002820EC /* Debug */ = {
			isa = XCBuildConfiguration;
			buildSettings = {
				ALWAYS_EMBED_SWIFT_STANDARD_LIBRARIES = YES;
				BUNDLE_LOADER = "$(TEST_HOST)";
				CODE_SIGN_STYLE = Automatic;
				DEVELOPMENT_TEAM = BV7ZYWZYR7;
				INFOPLIST_FILE = RAFGithubUsersAppTests/Info.plist;
				IPHONEOS_DEPLOYMENT_TARGET = 13.5;
				LD_RUNPATH_SEARCH_PATHS = (
					"$(inherited)",
					"@executable_path/Frameworks",
					"@loader_path/Frameworks",
				);
				PRODUCT_BUNDLE_IDENTIFIER = com.raf.software.RAFGithubUsersAppTests;
				PRODUCT_NAME = "$(TARGET_NAME)";
				SWIFT_VERSION = 5.0;
				TARGETED_DEVICE_FAMILY = "1,2";
				TEST_HOST = "$(BUILT_PRODUCTS_DIR)/GithubApp.app/GithubApp";
			};
			name = Debug;
		};
		E160EBE0264A6D47002820EC /* Release */ = {
			isa = XCBuildConfiguration;
			buildSettings = {
				ALWAYS_EMBED_SWIFT_STANDARD_LIBRARIES = YES;
				BUNDLE_LOADER = "$(TEST_HOST)";
				CODE_SIGN_STYLE = Automatic;
				DEVELOPMENT_TEAM = BV7ZYWZYR7;
				INFOPLIST_FILE = RAFGithubUsersAppTests/Info.plist;
				IPHONEOS_DEPLOYMENT_TARGET = 13.5;
				LD_RUNPATH_SEARCH_PATHS = (
					"$(inherited)",
					"@executable_path/Frameworks",
					"@loader_path/Frameworks",
				);
				PRODUCT_BUNDLE_IDENTIFIER = com.raf.software.RAFGithubUsersAppTests;
				PRODUCT_NAME = "$(TARGET_NAME)";
				SWIFT_VERSION = 5.0;
				TARGETED_DEVICE_FAMILY = "1,2";
				TEST_HOST = "$(BUILT_PRODUCTS_DIR)/GithubApp.app/GithubApp";
			};
			name = Release;
		};
/* End XCBuildConfiguration section */

/* Begin XCConfigurationList section */
		E160EBB4264A6D44002820EC /* Build configuration list for PBXProject "RAFGithubUsersApp" */ = {
			isa = XCConfigurationList;
			buildConfigurations = (
				E160EBD9264A6D47002820EC /* Debug */,
				E160EBDA264A6D47002820EC /* Release */,
			);
			defaultConfigurationIsVisible = 0;
			defaultConfigurationName = Release;
		};
		E160EBDB264A6D47002820EC /* Build configuration list for PBXNativeTarget "RAFGithubUsersApp" */ = {
			isa = XCConfigurationList;
			buildConfigurations = (
				E160EBDC264A6D47002820EC /* Debug */,
				E160EBDD264A6D47002820EC /* Release */,
			);
			defaultConfigurationIsVisible = 0;
			defaultConfigurationName = Release;
		};
		E160EBDE264A6D47002820EC /* Build configuration list for PBXNativeTarget "RAFGithubUsersAppTests" */ = {
			isa = XCConfigurationList;
			buildConfigurations = (
				E160EBDF264A6D47002820EC /* Debug */,
				E160EBE0264A6D47002820EC /* Release */,
			);
			defaultConfigurationIsVisible = 0;
			defaultConfigurationName = Release;
		};
/* End XCConfigurationList section */

/* Begin XCVersionGroup section */
		E160EBC5264A6D44002820EC /* RAFGithubUsersApp.xcdatamodeld */ = {
			isa = XCVersionGroup;
			children = (
				E160EBC6264A6D44002820EC /* RAFGithubUsersApp.xcdatamodel */,
			);
			currentVersion = E160EBC6264A6D44002820EC /* RAFGithubUsersApp.xcdatamodel */;
			path = RAFGithubUsersApp.xcdatamodeld;
			sourceTree = "<group>";
			versionGroupType = wrapper.xcdatamodel;
		};
/* End XCVersionGroup section */
	};
	rootObject = E160EBB1264A6D44002820EC /* Project object */;
}
