{
  "object": {
    "pins": [
      {
        "package": "FontAwesome",
        "repositoryURL": "https://github.com/thii/FontAwesome.swift",
        "state": {
          "branch": null,
          "revision": "07883a32d49dfc7bdedbeea115067b53dfbeeb43",
          "version": "1.9.1"
        }
      },
      {
        "package": "Reachability",
        "repositoryURL": "https://github.com/ashleymills/Reachability.swift",
        "state": {
          "branch": null,
          "revision": "c01bbdf2d633cf049ae1ed1a68a2020a8bda32e2",
          "version": "5.1.0"
        }
      },
      {
        "package": "SkeletonView",
        "repositoryURL": "https://github.com/Juanpe/SkeletonView",
        "state": {
          "branch": null,
          "revision": "36668f450b155c97da958dc5788c9149efaae7f8",
          "version": "1.15.0"
        }
      }
    ]
  },
  "version": 1
}
